// !$*UTF8*$!
{
	archiveVersion = 1;
	classes = {
	};
	objectVersion = 56;
	objects = {

/* Begin PBXBuildFile section */
		BD067DCA288DE96700704A87 /* SettingsVM.swift in Sources */ = {isa = PBXBuildFile; fileRef = BD067DC9288DE96700704A87 /* SettingsVM.swift */; };
		BD067DCC288DF17000704A87 /* SettingsSheet.swift in Sources */ = {isa = PBXBuildFile; fileRef = BD067DCB288DF17000704A87 /* SettingsSheet.swift */; };
		BD067DCE288E00F000704A87 /* SavedSheet.swift in Sources */ = {isa = PBXBuildFile; fileRef = BD067DCD288E00F000704A87 /* SavedSheet.swift */; };
		BD067DD0288E011400704A87 /* EditingField.swift in Sources */ = {isa = PBXBuildFile; fileRef = BD067DCF288E011400704A87 /* EditingField.swift */; };
		BD067DD2288E012B00704A87 /* TextVM.swift in Sources */ = {isa = PBXBuildFile; fileRef = BD067DD1288E012B00704A87 /* TextVM.swift */; };
		BD3BDC952B9A788B008662D8 /* PresenterOverlay.swift in Sources */ = {isa = PBXBuildFile; fileRef = BD3BDC942B9A788B008662D8 /* PresenterOverlay.swift */; };
		BD3BDC9F2B9A7CC7008662D8 /* SavedRow.swift in Sources */ = {isa = PBXBuildFile; fileRef = BD3BDC9E2B9A7CC7008662D8 /* SavedRow.swift */; };
		BD4B14452890A82C00D2FABE /* SavedVM.swift in Sources */ = {isa = PBXBuildFile; fileRef = BD4B14442890A82C00D2FABE /* SavedVM.swift */; };
		BD642BF12B8E872D008CC435 /* TypedOutButton.swift in Sources */ = {isa = PBXBuildFile; fileRef = BD642BF02B8E872D008CC435 /* TypedOutButton.swift */; };
		BD92F641288D36CA001D142D /* TypedOutApp.swift in Sources */ = {isa = PBXBuildFile; fileRef = BD92F640288D36CA001D142D /* TypedOutApp.swift */; };
		BD92F643288D36CA001D142D /* ContentView.swift in Sources */ = {isa = PBXBuildFile; fileRef = BD92F642288D36CA001D142D /* ContentView.swift */; };
		BD92F645288D36CB001D142D /* Assets.xcassets in Resources */ = {isa = PBXBuildFile; fileRef = BD92F644288D36CB001D142D /* Assets.xcassets */; };
		BD92F649288D36CB001D142D /* Preview Assets.xcassets in Resources */ = {isa = PBXBuildFile; fileRef = BD92F648288D36CB001D142D /* Preview Assets.xcassets */; };
		BD9410F92B9A113B00A101BA /* AppDelegate.swift in Sources */ = {isa = PBXBuildFile; fileRef = BD9410F82B9A113B00A101BA /* AppDelegate.swift */; };
		BDB5BCB5288F26E30061344B /* SaveItem.swift in Sources */ = {isa = PBXBuildFile; fileRef = BDB5BCB4288F26E30061344B /* SaveItem.swift */; };
		BDCE0D152B9BAD7200167E27 /* CodableColor.swift in Sources */ = {isa = PBXBuildFile; fileRef = BDCE0D142B9BAD7200167E27 /* CodableColor.swift */; };
/* End PBXBuildFile section */

/* Begin PBXFileReference section */
		BD067DC9288DE96700704A87 /* SettingsVM.swift */ = {isa = PBXFileReference; lastKnownFileType = sourcecode.swift; path = SettingsVM.swift; sourceTree = "<group>"; };
		BD067DCB288DF17000704A87 /* SettingsSheet.swift */ = {isa = PBXFileReference; lastKnownFileType = sourcecode.swift; path = SettingsSheet.swift; sourceTree = "<group>"; };
		BD067DCD288E00F000704A87 /* SavedSheet.swift */ = {isa = PBXFileReference; lastKnownFileType = sourcecode.swift; path = SavedSheet.swift; sourceTree = "<group>"; };
		BD067DCF288E011400704A87 /* EditingField.swift */ = {isa = PBXFileReference; lastKnownFileType = sourcecode.swift; path = EditingField.swift; sourceTree = "<group>"; };
		BD067DD1288E012B00704A87 /* TextVM.swift */ = {isa = PBXFileReference; lastKnownFileType = sourcecode.swift; path = TextVM.swift; sourceTree = "<group>"; };
		BD3BDC942B9A788B008662D8 /* PresenterOverlay.swift */ = {isa = PBXFileReference; fileEncoding = 4; lastKnownFileType = sourcecode.swift; path = PresenterOverlay.swift; sourceTree = "<group>"; };
		BD3BDC9E2B9A7CC7008662D8 /* SavedRow.swift */ = {isa = PBXFileReference; lastKnownFileType = sourcecode.swift; path = SavedRow.swift; sourceTree = "<group>"; };
		BD3BDCA02B9A7F2D008662D8 /* TODO.md */ = {isa = PBXFileReference; lastKnownFileType = net.daringfireball.markdown; path = TODO.md; sourceTree = "<group>"; };
		BD4B14442890A82C00D2FABE /* SavedVM.swift */ = {isa = PBXFileReference; lastKnownFileType = sourcecode.swift; path = SavedVM.swift; sourceTree = "<group>"; };
		BD642BF02B8E872D008CC435 /* TypedOutButton.swift */ = {isa = PBXFileReference; lastKnownFileType = sourcecode.swift; path = TypedOutButton.swift; sourceTree = "<group>"; };
		BD92F63D288D36CA001D142D /* typed-out.app */ = {isa = PBXFileReference; explicitFileType = wrapper.application; includeInIndex = 0; path = "typed-out.app"; sourceTree = BUILT_PRODUCTS_DIR; };
		BD92F640288D36CA001D142D /* TypedOutApp.swift */ = {isa = PBXFileReference; lastKnownFileType = sourcecode.swift; path = TypedOutApp.swift; sourceTree = "<group>"; };
		BD92F642288D36CA001D142D /* ContentView.swift */ = {isa = PBXFileReference; lastKnownFileType = sourcecode.swift; path = ContentView.swift; sourceTree = "<group>"; };
		BD92F644288D36CB001D142D /* Assets.xcassets */ = {isa = PBXFileReference; lastKnownFileType = folder.assetcatalog; path = Assets.xcassets; sourceTree = "<group>"; };
		BD92F646288D36CB001D142D /* typed_out.entitlements */ = {isa = PBXFileReference; lastKnownFileType = text.plist.entitlements; path = typed_out.entitlements; sourceTree = "<group>"; };
		BD92F648288D36CB001D142D /* Preview Assets.xcassets */ = {isa = PBXFileReference; lastKnownFileType = folder.assetcatalog; path = "Preview Assets.xcassets"; sourceTree = "<group>"; };
		BD9410F82B9A113B00A101BA /* AppDelegate.swift */ = {isa = PBXFileReference; lastKnownFileType = sourcecode.swift; path = AppDelegate.swift; sourceTree = "<group>"; };
		BDB5BCB4288F26E30061344B /* SaveItem.swift */ = {isa = PBXFileReference; lastKnownFileType = sourcecode.swift; path = SaveItem.swift; sourceTree = "<group>"; };
		BDCE0D142B9BAD7200167E27 /* CodableColor.swift */ = {isa = PBXFileReference; lastKnownFileType = sourcecode.swift; path = CodableColor.swift; sourceTree = "<group>"; };
/* End PBXFileReference section */

/* Begin PBXFrameworksBuildPhase section */
		BD92F63A288D36CA001D142D /* Frameworks */ = {
			isa = PBXFrameworksBuildPhase;
			buildActionMask = 2147483647;
			files = (
			);
			runOnlyForDeploymentPostprocessing = 0;
		};
/* End PBXFrameworksBuildPhase section */

/* Begin PBXGroup section */
		BD3BDC962B9A7A6F008662D8 /* Views */ = {
			isa = PBXGroup;
			children = (
				BD3BDC9B2B9A7AD6008662D8 /* Sheets */,
				BD3BDC9D2B9A7B05008662D8 /* Views */,
				BD3BDC9C2B9A7AFE008662D8 /* Components */,
			);
			path = Views;
			sourceTree = "<group>";
		};
		BD3BDC982B9A7A95008662D8 /* ViewModels */ = {
			isa = PBXGroup;
			children = (
				BD067DD1288E012B00704A87 /* TextVM.swift */,
				BD4B14442890A82C00D2FABE /* SavedVM.swift */,
				BD067DC9288DE96700704A87 /* SettingsVM.swift */,
			);
			path = ViewModels;
			sourceTree = "<group>";
		};
		BD3BDC992B9A7AA3008662D8 /* Models */ = {
			isa = PBXGroup;
			children = (
				BDCE0D142B9BAD7200167E27 /* CodableColor.swift */,
				BDB5BCB4288F26E30061344B /* SaveItem.swift */,
			);
			path = Models;
			sourceTree = "<group>";
		};
		BD3BDC9B2B9A7AD6008662D8 /* Sheets */ = {
			isa = PBXGroup;
			children = (
				BD067DCD288E00F000704A87 /* SavedSheet.swift */,
				BD067DCB288DF17000704A87 /* SettingsSheet.swift */,
			);
			name = Sheets;
			sourceTree = "<group>";
		};
		BD3BDC9C2B9A7AFE008662D8 /* Components */ = {
			isa = PBXGroup;
			children = (
				BD642BF02B8E872D008CC435 /* TypedOutButton.swift */,
				BD3BDC9E2B9A7CC7008662D8 /* SavedRow.swift */,
			);
			name = Components;
			sourceTree = "<group>";
		};
		BD3BDC9D2B9A7B05008662D8 /* Views */ = {
			isa = PBXGroup;
			children = (
				BD3BDC942B9A788B008662D8 /* PresenterOverlay.swift */,
				BD92F642288D36CA001D142D /* ContentView.swift */,
				BD067DCF288E011400704A87 /* EditingField.swift */,
			);
			name = Views;
			sourceTree = "<group>";
		};
		BD92F634288D36CA001D142D = {
			isa = PBXGroup;
			children = (
				BD92F63F288D36CA001D142D /* typed-out */,
				BD92F63E288D36CA001D142D /* Products */,
			);
			sourceTree = "<group>";
		};
		BD92F63E288D36CA001D142D /* Products */ = {
			isa = PBXGroup;
			children = (
				BD92F63D288D36CA001D142D /* typed-out.app */,
			);
			name = Products;
			sourceTree = "<group>";
		};
		BD92F63F288D36CA001D142D /* typed-out */ = {
			isa = PBXGroup;
			children = (
				BD3BDCA02B9A7F2D008662D8 /* TODO.md */,
				BD92F640288D36CA001D142D /* TypedOutApp.swift */,
				BD9410F82B9A113B00A101BA /* AppDelegate.swift */,
				BD3BDC992B9A7AA3008662D8 /* Models */,
				BD3BDC982B9A7A95008662D8 /* ViewModels */,
				BD3BDC962B9A7A6F008662D8 /* Views */,
				BD92F644288D36CB001D142D /* Assets.xcassets */,
				BD92F646288D36CB001D142D /* typed_out.entitlements */,
				BD92F647288D36CB001D142D /* Preview Content */,
			);
			path = "typed-out";
			sourceTree = "<group>";
		};
		BD92F647288D36CB001D142D /* Preview Content */ = {
			isa = PBXGroup;
			children = (
				BD92F648288D36CB001D142D /* Preview Assets.xcassets */,
			);
			path = "Preview Content";
			sourceTree = "<group>";
		};
/* End PBXGroup section */

/* Begin PBXNativeTarget section */
		BD92F63C288D36CA001D142D /* typed-out */ = {
			isa = PBXNativeTarget;
			buildConfigurationList = BD92F64C288D36CB001D142D /* Build configuration list for PBXNativeTarget "typed-out" */;
			buildPhases = (
				BD92F639288D36CA001D142D /* Sources */,
				BD92F63A288D36CA001D142D /* Frameworks */,
				BD92F63B288D36CA001D142D /* Resources */,
			);
			buildRules = (
			);
			dependencies = (
			);
			name = "typed-out";
			productName = "typed-out";
			productReference = BD92F63D288D36CA001D142D /* typed-out.app */;
			productType = "com.apple.product-type.application";
		};
/* End PBXNativeTarget section */

/* Begin PBXProject section */
		BD92F635288D36CA001D142D /* Project object */ = {
			isa = PBXProject;
			attributes = {
				BuildIndependentTargetsInParallel = 1;
				LastSwiftUpdateCheck = 1400;
				LastUpgradeCheck = 1500;
				TargetAttributes = {
					BD92F63C288D36CA001D142D = {
						CreatedOnToolsVersion = 14.0;
					};
				};
			};
			buildConfigurationList = BD92F638288D36CA001D142D /* Build configuration list for PBXProject "typed-out" */;
			compatibilityVersion = "Xcode 14.0";
			developmentRegion = en;
			hasScannedForEncodings = 0;
			knownRegions = (
				en,
				Base,
			);
			mainGroup = BD92F634288D36CA001D142D;
			productRefGroup = BD92F63E288D36CA001D142D /* Products */;
			projectDirPath = "";
			projectRoot = "";
			targets = (
				BD92F63C288D36CA001D142D /* typed-out */,
			);
		};
/* End PBXProject section */

/* Begin PBXResourcesBuildPhase section */
		BD92F63B288D36CA001D142D /* Resources */ = {
			isa = PBXResourcesBuildPhase;
			buildActionMask = 2147483647;
			files = (
				BD92F649288D36CB001D142D /* Preview Assets.xcassets in Resources */,
				BD92F645288D36CB001D142D /* Assets.xcassets in Resources */,
			);
			runOnlyForDeploymentPostprocessing = 0;
		};
/* End PBXResourcesBuildPhase section */

/* Begin PBXSourcesBuildPhase section */
		BD92F639288D36CA001D142D /* Sources */ = {
			isa = PBXSourcesBuildPhase;
			buildActionMask = 2147483647;
			files = (
				BD3BDC952B9A788B008662D8 /* PresenterOverlay.swift in Sources */,
				BD9410F92B9A113B00A101BA /* AppDelegate.swift in Sources */,
				BD067DCC288DF17000704A87 /* SettingsSheet.swift in Sources */,
				BD067DCA288DE96700704A87 /* SettingsVM.swift in Sources */,
				BD92F643288D36CA001D142D /* ContentView.swift in Sources */,
				BD92F641288D36CA001D142D /* TypedOutApp.swift in Sources */,
				BDCE0D152B9BAD7200167E27 /* CodableColor.swift in Sources */,
				BD4B14452890A82C00D2FABE /* SavedVM.swift in Sources */,
				BD067DCE288E00F000704A87 /* SavedSheet.swift in Sources */,
				BD642BF12B8E872D008CC435 /* TypedOutButton.swift in Sources */,
				BD067DD0288E011400704A87 /* EditingField.swift in Sources */,
				BD067DD2288E012B00704A87 /* TextVM.swift in Sources */,
				BD3BDC9F2B9A7CC7008662D8 /* SavedRow.swift in Sources */,
				BDB5BCB5288F26E30061344B /* SaveItem.swift in Sources */,
			);
			runOnlyForDeploymentPostprocessing = 0;
		};
/* End PBXSourcesBuildPhase section */

/* Begin XCBuildConfiguration section */
		BD92F64A288D36CB001D142D /* Debug */ = {
			isa = XCBuildConfiguration;
			buildSettings = {
				ALWAYS_SEARCH_USER_PATHS = NO;
				CLANG_ANALYZER_NONNULL = YES;
				CLANG_ANALYZER_NUMBER_OBJECT_CONVERSION = YES_AGGRESSIVE;
				CLANG_CXX_LANGUAGE_STANDARD = "gnu++17";
				CLANG_ENABLE_MODULES = YES;
				CLANG_ENABLE_OBJC_ARC = YES;
				CLANG_ENABLE_OBJC_WEAK = YES;
				CLANG_WARN_BLOCK_CAPTURE_AUTORELEASING = YES;
				CLANG_WARN_BOOL_CONVERSION = YES;
				CLANG_WARN_COMMA = YES;
				CLANG_WARN_CONSTANT_CONVERSION = YES;
				CLANG_WARN_DEPRECATED_OBJC_IMPLEMENTATIONS = YES;
				CLANG_WARN_DIRECT_OBJC_ISA_USAGE = YES_ERROR;
				CLANG_WARN_DOCUMENTATION_COMMENTS = YES;
				CLANG_WARN_EMPTY_BODY = YES;
				CLANG_WARN_ENUM_CONVERSION = YES;
				CLANG_WARN_INFINITE_RECURSION = YES;
				CLANG_WARN_INT_CONVERSION = YES;
				CLANG_WARN_NON_LITERAL_NULL_CONVERSION = YES;
				CLANG_WARN_OBJC_IMPLICIT_RETAIN_SELF = YES;
				CLANG_WARN_OBJC_LITERAL_CONVERSION = YES;
				CLANG_WARN_OBJC_ROOT_CLASS = YES_ERROR;
				CLANG_WARN_QUOTED_INCLUDE_IN_FRAMEWORK_HEADER = YES;
				CLANG_WARN_RANGE_LOOP_ANALYSIS = YES;
				CLANG_WARN_STRICT_PROTOTYPES = YES;
				CLANG_WARN_SUSPICIOUS_MOVE = YES;
				CLANG_WARN_UNGUARDED_AVAILABILITY = YES_AGGRESSIVE;
				CLANG_WARN_UNREACHABLE_CODE = YES;
				CLANG_WARN__DUPLICATE_METHOD_MATCH = YES;
				COPY_PHASE_STRIP = NO;
				DEAD_CODE_STRIPPING = YES;
				DEBUG_INFORMATION_FORMAT = dwarf;
				ENABLE_STRICT_OBJC_MSGSEND = YES;
				ENABLE_TESTABILITY = YES;
				ENABLE_USER_SCRIPT_SANDBOXING = YES;
				GCC_C_LANGUAGE_STANDARD = gnu11;
				GCC_DYNAMIC_NO_PIC = NO;
				GCC_NO_COMMON_BLOCKS = YES;
				GCC_OPTIMIZATION_LEVEL = 0;
				GCC_PREPROCESSOR_DEFINITIONS = (
					"DEBUG=1",
					"$(inherited)",
				);
				GCC_WARN_64_TO_32_BIT_CONVERSION = YES;
				GCC_WARN_ABOUT_RETURN_TYPE = YES_ERROR;
				GCC_WARN_UNDECLARED_SELECTOR = YES;
				GCC_WARN_UNINITIALIZED_AUTOS = YES_AGGRESSIVE;
				GCC_WARN_UNUSED_FUNCTION = YES;
				GCC_WARN_UNUSED_VARIABLE = YES;
				MTL_ENABLE_DEBUG_INFO = INCLUDE_SOURCE;
				MTL_FAST_MATH = YES;
				ONLY_ACTIVE_ARCH = YES;
				SWIFT_ACTIVE_COMPILATION_CONDITIONS = DEBUG;
				SWIFT_OPTIMIZATION_LEVEL = "-Onone";
			};
			name = Debug;
		};
		BD92F64B288D36CB001D142D /* Release */ = {
			isa = XCBuildConfiguration;
			buildSettings = {
				ALWAYS_SEARCH_USER_PATHS = NO;
				CLANG_ANALYZER_NONNULL = YES;
				CLANG_ANALYZER_NUMBER_OBJECT_CONVERSION = YES_AGGRESSIVE;
				CLANG_CXX_LANGUAGE_STANDARD = "gnu++17";
				CLANG_ENABLE_MODULES = YES;
				CLANG_ENABLE_OBJC_ARC = YES;
				CLANG_ENABLE_OBJC_WEAK = YES;
				CLANG_WARN_BLOCK_CAPTURE_AUTORELEASING = YES;
				CLANG_WARN_BOOL_CONVERSION = YES;
				CLANG_WARN_COMMA = YES;
				CLANG_WARN_CONSTANT_CONVERSION = YES;
				CLANG_WARN_DEPRECATED_OBJC_IMPLEMENTATIONS = YES;
				CLANG_WARN_DIRECT_OBJC_ISA_USAGE = YES_ERROR;
				CLANG_WARN_DOCUMENTATION_COMMENTS = YES;
				CLANG_WARN_EMPTY_BODY = YES;
				CLANG_WARN_ENUM_CONVERSION = YES;
				CLANG_WARN_INFINITE_RECURSION = YES;
				CLANG_WARN_INT_CONVERSION = YES;
				CLANG_WARN_NON_LITERAL_NULL_CONVERSION = YES;
				CLANG_WARN_OBJC_IMPLICIT_RETAIN_SELF = YES;
				CLANG_WARN_OBJC_LITERAL_CONVERSION = YES;
				CLANG_WARN_OBJC_ROOT_CLASS = YES_ERROR;
				CLANG_WARN_QUOTED_INCLUDE_IN_FRAMEWORK_HEADER = YES;
				CLANG_WARN_RANGE_LOOP_ANALYSIS = YES;
				CLANG_WARN_STRICT_PROTOTYPES = YES;
				CLANG_WARN_SUSPICIOUS_MOVE = YES;
				CLANG_WARN_UNGUARDED_AVAILABILITY = YES_AGGRESSIVE;
				CLANG_WARN_UNREACHABLE_CODE = YES;
				CLANG_WARN__DUPLICATE_METHOD_MATCH = YES;
				COPY_PHASE_STRIP = NO;
				DEAD_CODE_STRIPPING = YES;
				DEBUG_INFORMATION_FORMAT = "dwarf-with-dsym";
				ENABLE_NS_ASSERTIONS = NO;
				ENABLE_STRICT_OBJC_MSGSEND = YES;
				ENABLE_USER_SCRIPT_SANDBOXING = YES;
				GCC_C_LANGUAGE_STANDARD = gnu11;
				GCC_NO_COMMON_BLOCKS = YES;
				GCC_WARN_64_TO_32_BIT_CONVERSION = YES;
				GCC_WARN_ABOUT_RETURN_TYPE = YES_ERROR;
				GCC_WARN_UNDECLARED_SELECTOR = YES;
				GCC_WARN_UNINITIALIZED_AUTOS = YES_AGGRESSIVE;
				GCC_WARN_UNUSED_FUNCTION = YES;
				GCC_WARN_UNUSED_VARIABLE = YES;
				MTL_ENABLE_DEBUG_INFO = NO;
				MTL_FAST_MATH = YES;
				SWIFT_COMPILATION_MODE = wholemodule;
				SWIFT_OPTIMIZATION_LEVEL = "-O";
			};
			name = Release;
		};
		BD92F64D288D36CB001D142D /* Debug */ = {
			isa = XCBuildConfiguration;
			buildSettings = {
				ASSETCATALOG_COMPILER_APPICON_NAME = AppIcon;
				ASSETCATALOG_COMPILER_GLOBAL_ACCENT_COLOR_NAME = AccentColor;
				CODE_SIGN_ENTITLEMENTS = "typed-out/typed_out.entitlements";
				CODE_SIGN_STYLE = Automatic;
				CURRENT_PROJECT_VERSION = 1;
				DEAD_CODE_STRIPPING = YES;
				DEVELOPMENT_ASSET_PATHS = "\"typed-out/Preview Content\"";
				DEVELOPMENT_TEAM = 6ZT823VK2T;
				ENABLE_HARDENED_RUNTIME = YES;
				ENABLE_PREVIEWS = YES;
				GENERATE_INFOPLIST_FILE = YES;
				INFOPLIST_KEY_CFBundleDisplayName = "Typed Out";
				INFOPLIST_KEY_LSApplicationCategoryType = "public.app-category.lifestyle";
				"INFOPLIST_KEY_UILaunchScreen_Generation[sdk=iphoneos*]" = YES;
				"INFOPLIST_KEY_UILaunchScreen_Generation[sdk=iphonesimulator*]" = YES;
				INFOPLIST_KEY_UIStatusBarHidden = YES;
				INFOPLIST_KEY_UISupportedInterfaceOrientations = UIInterfaceOrientationPortrait;
				INFOPLIST_KEY_UISupportedInterfaceOrientations_iPad = "UIInterfaceOrientationLandscapeLeft UIInterfaceOrientationLandscapeRight UIInterfaceOrientationPortrait UIInterfaceOrientationPortraitUpsideDown";
				IPHONEOS_DEPLOYMENT_TARGET = 17.0;
				LD_RUNPATH_SEARCH_PATHS = "@executable_path/Frameworks";
				"LD_RUNPATH_SEARCH_PATHS[sdk=macosx*]" = "@executable_path/../Frameworks";
				MACOSX_DEPLOYMENT_TARGET = 13.0;
				MARKETING_VERSION = 1.0;
				PRODUCT_BUNDLE_IDENTIFIER = "frank.typed-out";
				PRODUCT_NAME = "$(TARGET_NAME)";
				SDKROOT = auto;
				SUPPORTED_PLATFORMS = "iphoneos iphonesimulator";
				SUPPORTS_MACCATALYST = NO;
				SWIFT_EMIT_LOC_STRINGS = YES;
				SWIFT_VERSION = 5.0;
				TARGETED_DEVICE_FAMILY = "1,2";
			};
			name = Debug;
		};
		BD92F64E288D36CB001D142D /* Release */ = {
			isa = XCBuildConfiguration;
			buildSettings = {
				ASSETCATALOG_COMPILER_APPICON_NAME = AppIcon;
				ASSETCATALOG_COMPILER_GLOBAL_ACCENT_COLOR_NAME = AccentColor;
				CODE_SIGN_ENTITLEMENTS = "typed-out/typed_out.entitlements";
				CODE_SIGN_STYLE = Automatic;
				CURRENT_PROJECT_VERSION = 1;
				DEAD_CODE_STRIPPING = YES;
				DEVELOPMENT_ASSET_PATHS = "\"typed-out/Preview Content\"";
				DEVELOPMENT_TEAM = 6ZT823VK2T;
				ENABLE_HARDENED_RUNTIME = YES;
				ENABLE_PREVIEWS = YES;
				GENERATE_INFOPLIST_FILE = YES;
				INFOPLIST_KEY_CFBundleDisplayName = "Typed Out";
				INFOPLIST_KEY_LSApplicationCategoryType = "public.app-category.lifestyle";
				"INFOPLIST_KEY_UILaunchScreen_Generation[sdk=iphoneos*]" = YES;
				"INFOPLIST_KEY_UILaunchScreen_Generation[sdk=iphonesimulator*]" = YES;
				INFOPLIST_KEY_UIStatusBarHidden = YES;
				INFOPLIST_KEY_UISupportedInterfaceOrientations = UIInterfaceOrientationPortrait;
				INFOPLIST_KEY_UISupportedInterfaceOrientations_iPad = "UIInterfaceOrientationLandscapeLeft UIInterfaceOrientationLandscapeRight UIInterfaceOrientationPortrait UIInterfaceOrientationPortraitUpsideDown";
				IPHONEOS_DEPLOYMENT_TARGET = 17.0;
				LD_RUNPATH_SEARCH_PATHS = "@executable_path/Frameworks";
				"LD_RUNPATH_SEARCH_PATHS[sdk=macosx*]" = "@executable_path/../Frameworks";
				MACOSX_DEPLOYMENT_TARGET = 13.0;
				MARKETING_VERSION = 1.0;
				PRODUCT_BUNDLE_IDENTIFIER = "frank.typed-out";
				PRODUCT_NAME = "$(TARGET_NAME)";
				SDKROOT = auto;
				SUPPORTED_PLATFORMS = "iphoneos iphonesimulator";
				SUPPORTS_MACCATALYST = NO;
				SWIFT_EMIT_LOC_STRINGS = YES;
				SWIFT_VERSION = 5.0;
				TARGETED_DEVICE_FAMILY = "1,2";
			};
			name = Release;
		};
/* End XCBuildConfiguration section */

/* Begin XCConfigurationList section */
		BD92F638288D36CA001D142D /* Build configuration list for PBXProject "typed-out" */ = {
			isa = XCConfigurationList;
			buildConfigurations = (
				BD92F64A288D36CB001D142D /* Debug */,
				BD92F64B288D36CB001D142D /* Release */,
			);
			defaultConfigurationIsVisible = 0;
			defaultConfigurationName = Release;
		};
		BD92F64C288D36CB001D142D /* Build configuration list for PBXNativeTarget "typed-out" */ = {
			isa = XCConfigurationList;
			buildConfigurations = (
				BD92F64D288D36CB001D142D /* Debug */,
				BD92F64E288D36CB001D142D /* Release */,
			);
			defaultConfigurationIsVisible = 0;
			defaultConfigurationName = Release;
		};
/* End XCConfigurationList section */
	};
	rootObject = BD92F635288D36CA001D142D /* Project object */;
}
